
Microsoft Visual Studio Solution File, Format Version 12.00
# Visual Studio Version 17
VisualStudioVersion = 17.8.34322.80
MinimumVisualStudioVersion = 10.0.40219.1
Project("{9A19103F-16F7-4668-BE54-9A1E7A4F7556}") = "stationeryManagement", "stationeryManagement\stationeryManagement.csproj", "{895F3495-C858-4625-8CC6-117E3F38BCD2}"
EndProject
Project("{9A19103F-16F7-4668-BE54-9A1E7A4F7556}") = "stationeryManagement.Data", "stationeryManagement.Data\stationeryManagement.Data.csproj", "{BB5D3FD4-71D6-4C19-B0DF-A03F8F6CAC21}"
EndProject
Project("{9A19103F-16F7-4668-BE54-9A1E7A4F7556}") = "stationeryManagement.Service", "stationeryManagement.Service\stationeryManagement.Service.csproj", "{1EF6BE41-E6CB-4510-B7E2-FADD0DC680EB}"
EndProject
Global
	GlobalSection(SolutionConfigurationPlatforms) = preSolution
		Debug|Any CPU = Debug|Any CPU
		Release|Any CPU = Release|Any CPU
	EndGlobalSection
	GlobalSection(ProjectConfigurationPlatforms) = postSolution
		{895F3495-C858-4625-8CC6-117E3F38BCD2}.Debug|Any CPU.ActiveCfg = Debug|Any CPU
		{895F3495-C858-4625-8CC6-117E3F38BCD2}.Debug|Any CPU.Build.0 = Debug|Any CPU
		{895F3495-C858-4625-8CC6-117E3F38BCD2}.Release|Any CPU.ActiveCfg = Release|Any CPU
		{895F3495-C858-4625-8CC6-117E3F38BCD2}.Release|Any CPU.Build.0 = Release|Any CPU
		{BB5D3FD4-71D6-4C19-B0DF-A03F8F6CAC21}.Debug|Any CPU.ActiveCfg = Debug|Any CPU
		{BB5D3FD4-71D6-4C19-B0DF-A03F8F6CAC21}.Debug|Any CPU.Build.0 = Debug|Any CPU
		{BB5D3FD4-71D6-4C19-B0DF-A03F8F6CAC21}.Release|Any CPU.ActiveCfg = Release|Any CPU
		{BB5D3FD4-71D6-4C19-B0DF-A03F8F6CAC21}.Release|Any CPU.Build.0 = Release|Any CPU
		{1EF6BE41-E6CB-4510-B7E2-FADD0DC680EB}.Debug|Any CPU.ActiveCfg = Debug|Any CPU
		{1EF6BE41-E6CB-4510-B7E2-FADD0DC680EB}.Debug|Any CPU.Build.0 = Debug|Any CPU
		{1EF6BE41-E6CB-4510-B7E2-FADD0DC680EB}.Release|Any CPU.ActiveCfg = Release|Any CPU
		{1EF6BE41-E6CB-4510-B7E2-FADD0DC680EB}.Release|Any CPU.Build.0 = Release|Any CPU
	EndGlobalSection
	GlobalSection(SolutionProperties) = preSolution
		HideSolutionNode = FALSE
	EndGlobalSection
EndGlobal
