
Microsoft Visual Studio Solution File, Format Version 12.00
Project("{FAE04EC0-301F-11D3-BF4B-00C04F79EFBC}") = "stationeryManagement", "stationeryManagement\stationeryManagement.csproj", "{895F3495-C858-4625-8CC6-117E3F38BCD2}"
EndProject
Project("{FAE04EC0-301F-11D3-BF4B-00C04F79EFBC}") = "stationeryManagement.Data", "stationeryManagement.Data\stationeryManagement.Data.csproj", "{BB5D3FD4-71D6-4C19-B0DF-A03F8F6CAC21}"
EndProject
Project("{FAE04EC0-301F-11D3-BF4B-00C04F79EFBC}") = "stationeryManagement.Service", "stationeryManagement.Service\stationeryManagement.Service.csproj", "{1EF6BE41-E6CB-4510-B7E2-FADD0DC680EB}"
EndProject
Global
	GlobalSection(SolutionConfigurationPlatforms) = preSolution
		Debug|Any CPU = Debug|Any CPU
		Release|Any CPU = Release|Any CPU
	EndGlobalSection
	GlobalSection(ProjectConfigurationPlatforms) = postSolution
		{895F3495-C858-4625-8CC6-117E3F38BCD2}.Debug|Any CPU.ActiveCfg = Debug|Any CPU
		{895F3495-C858-4625-8CC6-117E3F38BCD2}.Debug|Any CPU.Build.0 = Debug|Any CPU
		{895F3495-C858-4625-8CC6-117E3F38BCD2}.Release|Any CPU.ActiveCfg = Release|Any CPU
		{895F3495-C858-4625-8CC6-117E3F38BCD2}.Release|Any CPU.Build.0 = Release|Any CPU
		{BB5D3FD4-71D6-4C19-B0DF-A03F8F6CAC21}.Debug|Any CPU.ActiveCfg = Debug|Any CPU
		{BB5D3FD4-71D6-4C19-B0DF-A03F8F6CAC21}.Debug|Any CPU.Build.0 = Debug|Any CPU
		{BB5D3FD4-71D6-4C19-B0DF-A03F8F6CAC21}.Release|Any CPU.ActiveCfg = Release|Any CPU
		{BB5D3FD4-71D6-4C19-B0DF-A03F8F6CAC21}.Release|Any CPU.Build.0 = Release|Any CPU
		{1EF6BE41-E6CB-4510-B7E2-FADD0DC680EB}.Debug|Any CPU.ActiveCfg = Debug|Any CPU
		{1EF6BE41-E6CB-4510-B7E2-FADD0DC680EB}.Debug|Any CPU.Build.0 = Debug|Any CPU
		{1EF6BE41-E6CB-4510-B7E2-FADD0DC680EB}.Release|Any CPU.ActiveCfg = Release|Any CPU
		{1EF6BE41-E6CB-4510-B7E2-FADD0DC680EB}.Release|Any CPU.Build.0 = Release|Any CPU
	EndGlobalSection
EndGlobal
